hash: 6dd64b75dacffcd4103af6638c8833287c0798777e0b104a8753c7610c983240
updated: 2018-09-11T18:01:53.255214425-07:00
imports:
- name: github.com/golang/protobuf
  version: ebb3f5824e60ab924d5a647fdc09b85d87c2829f
  subpackages:
  - proto
  - ptypes
  - ptypes/any
  - ptypes/duration
  - ptypes/timestamp
- name: github.com/jasonlvhit/gocron
  version: 54194c9749d48b073c9aeb2c787b6882e95dd0cd
- name: github.com/sony/sonyflake
  version: fa881fb1052b152e977c41023052c2f2a1c475e9
- name: golang.org/x/net
  version: 26e67e76b6c3f6ce91f7c52def5af501b4e0f3a2
  subpackages:
  - context
  - http/httpguts
  - http2
  - http2/hpack
  - idna
  - internal/timeseries
  - trace
- name: golang.org/x/sys
  version: d0be0721c37eeb5299f245a996a483160fc36940
  subpackages:
  - unix
- name: golang.org/x/text
  version: 905a57155faa8230500121607930ebb9dd8e139c
  subpackages:
  - secure/bidirule
  - transform
  - unicode/bidi
  - unicode/norm
- name: google.golang.org/genproto
  version: 36d5787dc5356b711fe8f3040271aaf51c35955b
  subpackages:
  - googleapis/rpc/status
- name: google.golang.org/grpc
  version: 9cc4fdbde2304827ffdbc7896f49db40c5536600
  subpackages:
  - balancer
  - balancer/base
  - balancer/roundrobin
  - codes
  - connectivity
  - credentials
  - encoding
  - encoding/proto
  - grpclog
  - internal
  - internal/backoff
  - internal/channelz
  - internal/envconfig
  - internal/grpcrand
  - internal/transport
  - keepalive
  - metadata
  - naming
  - peer
  - resolver
  - resolver/dns
  - resolver/passthrough
  - stats
  - status
  - tap
testImports: []
